// !$*UTF8*$!
{
	archiveVersion = 1;
	classes = {
	};
	objectVersion = 55;
	objects = {

/* Begin PBXBuildFile section */
		A147308028EDFC0200B6346B /* AppDelegate.swift in Sources */ = {isa = PBXBuildFile; fileRef = A147307F28EDFC0200B6346B /* AppDelegate.swift */; };
		A147308428EDFC0200B6346B /* ViewController.swift in Sources */ = {isa = PBXBuildFile; fileRef = A147308328EDFC0200B6346B /* ViewController.swift */; };
		A147308728EDFC0200B6346B /* Main.storyboard in Resources */ = {isa = PBXBuildFile; fileRef = A147308528EDFC0200B6346B /* Main.storyboard */; };
		A147308928EDFC0500B6346B /* Assets.xcassets in Resources */ = {isa = PBXBuildFile; fileRef = A147308828EDFC0500B6346B /* Assets.xcassets */; };
		A147308C28EDFC0500B6346B /* LaunchScreen.storyboard in Resources */ = {isa = PBXBuildFile; fileRef = A147308A28EDFC0500B6346B /* LaunchScreen.storyboard */; };
		A147309728EDFCC500B6346B /* Coordinator.swift in Sources */ = {isa = PBXBuildFile; fileRef = A147309628EDFCC500B6346B /* Coordinator.swift */; };
		A147309928EDFD2900B6346B /* AppCoordinator.swift in Sources */ = {isa = PBXBuildFile; fileRef = A147309828EDFD2900B6346B /* AppCoordinator.swift */; };
		A147309B28EDFE1600B6346B /* SecondViewController.swift in Sources */ = {isa = PBXBuildFile; fileRef = A147309A28EDFE1600B6346B /* SecondViewController.swift */; };
		A147309D28EDFE1E00B6346B /* ThirdViewController.swift in Sources */ = {isa = PBXBuildFile; fileRef = A147309C28EDFE1E00B6346B /* ThirdViewController.swift */; };
		A147309F28EDFEF300B6346B /* Storyboardable.swift in Sources */ = {isa = PBXBuildFile; fileRef = A147309E28EDFEF300B6346B /* Storyboardable.swift */; };
/* End PBXBuildFile section */

/* Begin PBXFileReference section */
		A147307C28EDFC0200B6346B /* CoordinatorExample.app */ = {isa = PBXFileReference; explicitFileType = wrapper.application; includeInIndex = 0; path = CoordinatorExample.app; sourceTree = BUILT_PRODUCTS_DIR; };
		A147307F28EDFC0200B6346B /* AppDelegate.swift */ = {isa = PBXFileReference; lastKnownFileType = sourcecode.swift; path = AppDelegate.swift; sourceTree = "<group>"; };
		A147308328EDFC0200B6346B /* ViewController.swift */ = {isa = PBXFileReference; lastKnownFileType = sourcecode.swift; path = ViewController.swift; sourceTree = "<group>"; };
		A147308628EDFC0200B6346B /* Base */ = {isa = PBXFileReference; lastKnownFileType = file.storyboard; name = Base; path = Base.lproj/Main.storyboard; sourceTree = "<group>"; };
		A147308828EDFC0500B6346B /* Assets.xcassets */ = {isa = PBXFileReference; lastKnownFileType = folder.assetcatalog; path = Assets.xcassets; sourceTree = "<group>"; };
		A147308B28EDFC0500B6346B /* Base */ = {isa = PBXFileReference; lastKnownFileType = file.storyboard; name = Base; path = Base.lproj/LaunchScreen.storyboard; sourceTree = "<group>"; };
		A147308D28EDFC0500B6346B /* Info.plist */ = {isa = PBXFileReference; lastKnownFileType = text.plist.xml; path = Info.plist; sourceTree = "<group>"; };
		A147309628EDFCC500B6346B /* Coordinator.swift */ = {isa = PBXFileReference; lastKnownFileType = sourcecode.swift; path = Coordinator.swift; sourceTree = "<group>"; };
		A147309828EDFD2900B6346B /* AppCoordinator.swift */ = {isa = PBXFileReference; lastKnownFileType = sourcecode.swift; path = AppCoordinator.swift; sourceTree = "<group>"; };
		A147309A28EDFE1600B6346B /* SecondViewController.swift */ = {isa = PBXFileReference; lastKnownFileType = sourcecode.swift; path = SecondViewController.swift; sourceTree = "<group>"; };
		A147309C28EDFE1E00B6346B /* ThirdViewController.swift */ = {isa = PBXFileReference; lastKnownFileType = sourcecode.swift; path = ThirdViewController.swift; sourceTree = "<group>"; };
		A147309E28EDFEF300B6346B /* Storyboardable.swift */ = {isa = PBXFileReference; lastKnownFileType = sourcecode.swift; path = Storyboardable.swift; sourceTree = "<group>"; };
/* End PBXFileReference section */

/* Begin PBXFrameworksBuildPhase section */
		A147307928EDFC0200B6346B /* Frameworks */ = {
			isa = PBXFrameworksBuildPhase;
			buildActionMask = 2147483647;
			files = (
			);
			runOnlyForDeploymentPostprocessing = 0;
		};
/* End PBXFrameworksBuildPhase section */

/* Begin PBXGroup section */
		A147307328EDFC0200B6346B = {
			isa = PBXGroup;
			children = (
				A147307E28EDFC0200B6346B /* CoordinatorExample */,
				A147307D28EDFC0200B6346B /* Products */,
			);
			sourceTree = "<group>";
		};
		A147307D28EDFC0200B6346B /* Products */ = {
			isa = PBXGroup;
			children = (
				A147307C28EDFC0200B6346B /* CoordinatorExample.app */,
			);
			name = Products;
			sourceTree = "<group>";
		};
		A147307E28EDFC0200B6346B /* CoordinatorExample */ = {
			isa = PBXGroup;
			children = (
				A147309328EDFC1200B6346B /* Coordinators */,
				A147309528EDFC4D00B6346B /* Views */,
				A147307F28EDFC0200B6346B /* AppDelegate.swift */,
				A147308828EDFC0500B6346B /* Assets.xcassets */,
				A147308A28EDFC0500B6346B /* LaunchScreen.storyboard */,
				A147308D28EDFC0500B6346B /* Info.plist */,
			);
			path = CoordinatorExample;
			sourceTree = "<group>";
		};
		A147309328EDFC1200B6346B /* Coordinators */ = {
			isa = PBXGroup;
			children = (
				A147309428EDFC2800B6346B /* Protocols */,
				A147309828EDFD2900B6346B /* AppCoordinator.swift */,
			);
			path = Coordinators;
			sourceTree = "<group>";
		};
		A147309428EDFC2800B6346B /* Protocols */ = {
			isa = PBXGroup;
			children = (
				A147309628EDFCC500B6346B /* Coordinator.swift */,
			);
			path = Protocols;
			sourceTree = "<group>";
		};
		A147309528EDFC4D00B6346B /* Views */ = {
			isa = PBXGroup;
			children = (
				A147308328EDFC0200B6346B /* ViewController.swift */,
				A147308528EDFC0200B6346B /* Main.storyboard */,
				A147309A28EDFE1600B6346B /* SecondViewController.swift */,
				A147309C28EDFE1E00B6346B /* ThirdViewController.swift */,
				A147309E28EDFEF300B6346B /* Storyboardable.swift */,
			);
			path = Views;
			sourceTree = "<group>";
		};
/* End PBXGroup section */

/* Begin PBXNativeTarget section */
		A147307B28EDFC0200B6346B /* CoordinatorExample */ = {
			isa = PBXNativeTarget;
			buildConfigurationList = A147309028EDFC0500B6346B /* Build configuration list for PBXNativeTarget "CoordinatorExample" */;
			buildPhases = (
				A147307828EDFC0200B6346B /* Sources */,
				A147307928EDFC0200B6346B /* Frameworks */,
				A147307A28EDFC0200B6346B /* Resources */,
			);
			buildRules = (
			);
			dependencies = (
			);
			name = CoordinatorExample;
			productName = CoordinatorExample;
			productReference = A147307C28EDFC0200B6346B /* CoordinatorExample.app */;
			productType = "com.apple.product-type.application";
		};
/* End PBXNativeTarget section */

/* Begin PBXProject section */
		A147307428EDFC0200B6346B /* Project object */ = {
			isa = PBXProject;
			attributes = {
				BuildIndependentTargetsInParallel = 1;
				LastSwiftUpdateCheck = 1340;
				LastUpgradeCheck = 1340;
				TargetAttributes = {
					A147307B28EDFC0200B6346B = {
						CreatedOnToolsVersion = 13.4.1;
					};
				};
			};
			buildConfigurationList = A147307728EDFC0200B6346B /* Build configuration list for PBXProject "CoordinatorExample" */;
			compatibilityVersion = "Xcode 13.0";
			developmentRegion = en;
			hasScannedForEncodings = 0;
			knownRegions = (
				en,
				Base,
			);
			mainGroup = A147307328EDFC0200B6346B;
			productRefGroup = A147307D28EDFC0200B6346B /* Products */;
			projectDirPath = "";
			projectRoot = "";
			targets = (
				A147307B28EDFC0200B6346B /* CoordinatorExample */,
			);
		};
/* End PBXProject section */

/* Begin PBXResourcesBuildPhase section */
		A147307A28EDFC0200B6346B /* Resources */ = {
			isa = PBXResourcesBuildPhase;
			buildActionMask = 2147483647;
			files = (
				A147308C28EDFC0500B6346B /* LaunchScreen.storyboard in Resources */,
				A147308928EDFC0500B6346B /* Assets.xcassets in Resources */,
				A147308728EDFC0200B6346B /* Main.storyboard in Resources */,
			);
			runOnlyForDeploymentPostprocessing = 0;
		};
/* End PBXResourcesBuildPhase section */

/* Begin PBXSourcesBuildPhase section */
		A147307828EDFC0200B6346B /* Sources */ = {
			isa = PBXSourcesBuildPhase;
			buildActionMask = 2147483647;
			files = (
				A147309928EDFD2900B6346B /* AppCoordinator.swift in Sources */,
				A147308428EDFC0200B6346B /* ViewController.swift in Sources */,
				A147308028EDFC0200B6346B /* AppDelegate.swift in Sources */,
				A147309B28EDFE1600B6346B /* SecondViewController.swift in Sources */,
				A147309F28EDFEF300B6346B /* Storyboardable.swift in Sources */,
				A147309D28EDFE1E00B6346B /* ThirdViewController.swift in Sources */,
				A147309728EDFCC500B6346B /* Coordinator.swift in Sources */,
			);
			runOnlyForDeploymentPostprocessing = 0;
		};
/* End PBXSourcesBuildPhase section */

/* Begin PBXVariantGroup section */
		A147308528EDFC0200B6346B /* Main.storyboard */ = {
			isa = PBXVariantGroup;
			children = (
				A147308628EDFC0200B6346B /* Base */,
			);
			name = Main.storyboard;
			sourceTree = "<group>";
		};
		A147308A28EDFC0500B6346B /* LaunchScreen.storyboard */ = {
			isa = PBXVariantGroup;
			children = (
				A147308B28EDFC0500B6346B /* Base */,
			);
			name = LaunchScreen.storyboard;
			sourceTree = "<group>";
		};
/* End PBXVariantGroup section */

/* Begin XCBuildConfiguration section */
		A147308E28EDFC0500B6346B /* Debug */ = {
			isa = XCBuildConfiguration;
			buildSettings = {
				ALWAYS_SEARCH_USER_PATHS = NO;
				CLANG_ANALYZER_NONNULL = YES;
				CLANG_ANALYZER_NUMBER_OBJECT_CONVERSION = YES_AGGRESSIVE;
				CLANG_CXX_LANGUAGE_STANDARD = "gnu++17";
				CLANG_ENABLE_MODULES = YES;
				CLANG_ENABLE_OBJC_ARC = YES;
				CLANG_ENABLE_OBJC_WEAK = YES;
				CLANG_WARN_BLOCK_CAPTURE_AUTORELEASING = YES;
				CLANG_WARN_BOOL_CONVERSION = YES;
				CLANG_WARN_COMMA = YES;
				CLANG_WARN_CONSTANT_CONVERSION = YES;
				CLANG_WARN_DEPRECATED_OBJC_IMPLEMENTATIONS = YES;
				CLANG_WARN_DIRECT_OBJC_ISA_USAGE = YES_ERROR;
				CLANG_WARN_DOCUMENTATION_COMMENTS = YES;
				CLANG_WARN_EMPTY_BODY = YES;
				CLANG_WARN_ENUM_CONVERSION = YES;
				CLANG_WARN_INFINITE_RECURSION = YES;
				CLANG_WARN_INT_CONVERSION = YES;
				CLANG_WARN_NON_LITERAL_NULL_CONVERSION = YES;
				CLANG_WARN_OBJC_IMPLICIT_RETAIN_SELF = YES;
				CLANG_WARN_OBJC_LITERAL_CONVERSION = YES;
				CLANG_WARN_OBJC_ROOT_CLASS = YES_ERROR;
				CLANG_WARN_QUOTED_INCLUDE_IN_FRAMEWORK_HEADER = YES;
				CLANG_WARN_RANGE_LOOP_ANALYSIS = YES;
				CLANG_WARN_STRICT_PROTOTYPES = YES;
				CLANG_WARN_SUSPICIOUS_MOVE = YES;
				CLANG_WARN_UNGUARDED_AVAILABILITY = YES_AGGRESSIVE;
				CLANG_WARN_UNREACHABLE_CODE = YES;
				CLANG_WARN__DUPLICATE_METHOD_MATCH = YES;
				COPY_PHASE_STRIP = NO;
				DEBUG_INFORMATION_FORMAT = dwarf;
				ENABLE_STRICT_OBJC_MSGSEND = YES;
				ENABLE_TESTABILITY = YES;
				GCC_C_LANGUAGE_STANDARD = gnu11;
				GCC_DYNAMIC_NO_PIC = NO;
				GCC_NO_COMMON_BLOCKS = YES;
				GCC_OPTIMIZATION_LEVEL = 0;
				GCC_PREPROCESSOR_DEFINITIONS = (
					"DEBUG=1",
					"$(inherited)",
				);
				GCC_WARN_64_TO_32_BIT_CONVERSION = YES;
				GCC_WARN_ABOUT_RETURN_TYPE = YES_ERROR;
				GCC_WARN_UNDECLARED_SELECTOR = YES;
				GCC_WARN_UNINITIALIZED_AUTOS = YES_AGGRESSIVE;
				GCC_WARN_UNUSED_FUNCTION = YES;
				GCC_WARN_UNUSED_VARIABLE = YES;
				IPHONEOS_DEPLOYMENT_TARGET = 15.5;
				MTL_ENABLE_DEBUG_INFO = INCLUDE_SOURCE;
				MTL_FAST_MATH = YES;
				ONLY_ACTIVE_ARCH = YES;
				SDKROOT = iphoneos;
				SWIFT_ACTIVE_COMPILATION_CONDITIONS = DEBUG;
				SWIFT_OPTIMIZATION_LEVEL = "-Onone";
			};
			name = Debug;
		};
		A147308F28EDFC0500B6346B /* Release */ = {
			isa = XCBuildConfiguration;
			buildSettings = {
				ALWAYS_SEARCH_USER_PATHS = NO;
				CLANG_ANALYZER_NONNULL = YES;
				CLANG_ANALYZER_NUMBER_OBJECT_CONVERSION = YES_AGGRESSIVE;
				CLANG_CXX_LANGUAGE_STANDARD = "gnu++17";
				CLANG_ENABLE_MODULES = YES;
				CLANG_ENABLE_OBJC_ARC = YES;
				CLANG_ENABLE_OBJC_WEAK = YES;
				CLANG_WARN_BLOCK_CAPTURE_AUTORELEASING = YES;
				CLANG_WARN_BOOL_CONVERSION = YES;
				CLANG_WARN_COMMA = YES;
				CLANG_WARN_CONSTANT_CONVERSION = YES;
				CLANG_WARN_DEPRECATED_OBJC_IMPLEMENTATIONS = YES;
				CLANG_WARN_DIRECT_OBJC_ISA_USAGE = YES_ERROR;
				CLANG_WARN_DOCUMENTATION_COMMENTS = YES;
				CLANG_WARN_EMPTY_BODY = YES;
				CLANG_WARN_ENUM_CONVERSION = YES;
				CLANG_WARN_INFINITE_RECURSION = YES;
				CLANG_WARN_INT_CONVERSION = YES;
				CLANG_WARN_NON_LITERAL_NULL_CONVERSION = YES;
				CLANG_WARN_OBJC_IMPLICIT_RETAIN_SELF = YES;
				CLANG_WARN_OBJC_LITERAL_CONVERSION = YES;
				CLANG_WARN_OBJC_ROOT_CLASS = YES_ERROR;
				CLANG_WARN_QUOTED_INCLUDE_IN_FRAMEWORK_HEADER = YES;
				CLANG_WARN_RANGE_LOOP_ANALYSIS = YES;
				CLANG_WARN_STRICT_PROTOTYPES = YES;
				CLANG_WARN_SUSPICIOUS_MOVE = YES;
				CLANG_WARN_UNGUARDED_AVAILABILITY = YES_AGGRESSIVE;
				CLANG_WARN_UNREACHABLE_CODE = YES;
				CLANG_WARN__DUPLICATE_METHOD_MATCH = YES;
				COPY_PHASE_STRIP = NO;
				DEBUG_INFORMATION_FORMAT = "dwarf-with-dsym";
				ENABLE_NS_ASSERTIONS = NO;
				ENABLE_STRICT_OBJC_MSGSEND = YES;
				GCC_C_LANGUAGE_STANDARD = gnu11;
				GCC_NO_COMMON_BLOCKS = YES;
				GCC_WARN_64_TO_32_BIT_CONVERSION = YES;
				GCC_WARN_ABOUT_RETURN_TYPE = YES_ERROR;
				GCC_WARN_UNDECLARED_SELECTOR = YES;
				GCC_WARN_UNINITIALIZED_AUTOS = YES_AGGRESSIVE;
				GCC_WARN_UNUSED_FUNCTION = YES;
				GCC_WARN_UNUSED_VARIABLE = YES;
				IPHONEOS_DEPLOYMENT_TARGET = 15.5;
				MTL_ENABLE_DEBUG_INFO = NO;
				MTL_FAST_MATH = YES;
				SDKROOT = iphoneos;
				SWIFT_COMPILATION_MODE = wholemodule;
				SWIFT_OPTIMIZATION_LEVEL = "-O";
				VALIDATE_PRODUCT = YES;
			};
			name = Release;
		};
		A147309128EDFC0500B6346B /* Debug */ = {
			isa = XCBuildConfiguration;
			buildSettings = {
				ASSETCATALOG_COMPILER_APPICON_NAME = AppIcon;
				ASSETCATALOG_COMPILER_GLOBAL_ACCENT_COLOR_NAME = AccentColor;
				CODE_SIGN_STYLE = Automatic;
				CURRENT_PROJECT_VERSION = 1;
				DEVELOPMENT_TEAM = 25WYRVH429;
				GENERATE_INFOPLIST_FILE = YES;
				INFOPLIST_FILE = CoordinatorExample/Info.plist;
				INFOPLIST_KEY_UIApplicationSupportsIndirectInputEvents = YES;
				INFOPLIST_KEY_UILaunchStoryboardName = LaunchScreen;
				INFOPLIST_KEY_UISupportedInterfaceOrientations_iPad = "UIInterfaceOrientationPortrait UIInterfaceOrientationPortraitUpsideDown UIInterfaceOrientationLandscapeLeft UIInterfaceOrientationLandscapeRight";
				INFOPLIST_KEY_UISupportedInterfaceOrientations_iPhone = "UIInterfaceOrientationPortrait UIInterfaceOrientationLandscapeLeft UIInterfaceOrientationLandscapeRight";
				LD_RUNPATH_SEARCH_PATHS = (
					"$(inherited)",
					"@executable_path/Frameworks",
				);
				MARKETING_VERSION = 1.0;
				PRODUCT_BUNDLE_IDENTIFIER = zradacore.CoordinatorExample;
				PRODUCT_NAME = "$(TARGET_NAME)";
				SWIFT_EMIT_LOC_STRINGS = YES;
				SWIFT_VERSION = 5.0;
				TARGETED_DEVICE_FAMILY = "1,2";
			};
			name = Debug;
		};
		A147309228EDFC0500B6346B /* Release */ = {
			isa = XCBuildConfiguration;
			buildSettings = {
				ASSETCATALOG_COMPILER_APPICON_NAME = AppIcon;
				ASSETCATALOG_COMPILER_GLOBAL_ACCENT_COLOR_NAME = AccentColor;
				CODE_SIGN_STYLE = Automatic;
				CURRENT_PROJECT_VERSION = 1;
				DEVELOPMENT_TEAM = 25WYRVH429;
				GENERATE_INFOPLIST_FILE = YES;
				INFOPLIST_FILE = CoordinatorExample/Info.plist;
				INFOPLIST_KEY_UIApplicationSupportsIndirectInputEvents = YES;
				INFOPLIST_KEY_UILaunchStoryboardName = LaunchScreen;
				INFOPLIST_KEY_UISupportedInterfaceOrientations_iPad = "UIInterfaceOrientationPortrait UIInterfaceOrientationPortraitUpsideDown UIInterfaceOrientationLandscapeLeft UIInterfaceOrientationLandscapeRight";
				INFOPLIST_KEY_UISupportedInterfaceOrientations_iPhone = "UIInterfaceOrientationPortrait UIInterfaceOrientationLandscapeLeft UIInterfaceOrientationLandscapeRight";
				LD_RUNPATH_SEARCH_PATHS = (
					"$(inherited)",
					"@executable_path/Frameworks",
				);
				MARKETING_VERSION = 1.0;
				PRODUCT_BUNDLE_IDENTIFIER = zradacore.CoordinatorExample;
				PRODUCT_NAME = "$(TARGET_NAME)";
				SWIFT_EMIT_LOC_STRINGS = YES;
				SWIFT_VERSION = 5.0;
				TARGETED_DEVICE_FAMILY = "1,2";
			};
			name = Release;
		};
/* End XCBuildConfiguration section */

/* Begin XCConfigurationList section */
		A147307728EDFC0200B6346B /* Build configuration list for PBXProject "CoordinatorExample" */ = {
			isa = XCConfigurationList;
			buildConfigurations = (
				A147308E28EDFC0500B6346B /* Debug */,
				A147308F28EDFC0500B6346B /* Release */,
			);
			defaultConfigurationIsVisible = 0;
			defaultConfigurationName = Release;
		};
		A147309028EDFC0500B6346B /* Build configuration list for PBXNativeTarget "CoordinatorExample" */ = {
			isa = XCConfigurationList;
			buildConfigurations = (
				A147309128EDFC0500B6346B /* Debug */,
				A147309228EDFC0500B6346B /* Release */,
			);
			defaultConfigurationIsVisible = 0;
			defaultConfigurationName = Release;
		};
/* End XCConfigurationList section */
	};
	rootObject = A147307428EDFC0200B6346B /* Project object */;
}
